// !$*UTF8*$!
{
	archiveVersion = 1;
	classes = {
	};
	objectVersion = 55;
	objects = {

/* Begin PBXBuildFile section */
		20330470285A2BF0006DB34A /* AppDelegate.swift in Sources */ = {isa = PBXBuildFile; fileRef = 2033046F285A2BF0006DB34A /* AppDelegate.swift */; };
		20330472285A2BF0006DB34A /* SceneDelegate.swift in Sources */ = {isa = PBXBuildFile; fileRef = 20330471285A2BF0006DB34A /* SceneDelegate.swift */; };
		20330474285A2BF0006DB34A /* WelcomeViewController.swift in Sources */ = {isa = PBXBuildFile; fileRef = 20330473285A2BF0006DB34A /* WelcomeViewController.swift */; };
		20330477285A2BF0006DB34A /* Main.storyboard in Resources */ = {isa = PBXBuildFile; fileRef = 20330475285A2BF0006DB34A /* Main.storyboard */; };
		20330479285A2BF4006DB34A /* Assets.xcassets in Resources */ = {isa = PBXBuildFile; fileRef = 20330478285A2BF4006DB34A /* Assets.xcassets */; };
		2033047C285A2BF4006DB34A /* LaunchScreen.storyboard in Resources */ = {isa = PBXBuildFile; fileRef = 2033047A285A2BF4006DB34A /* LaunchScreen.storyboard */; };
		20330487285A2BF4006DB34A /* FreshEatIOSTests.swift in Sources */ = {isa = PBXBuildFile; fileRef = 20330486285A2BF4006DB34A /* FreshEatIOSTests.swift */; };
		20330491285A2BF4006DB34A /* FreshEatIOSUITests.swift in Sources */ = {isa = PBXBuildFile; fileRef = 20330490285A2BF4006DB34A /* FreshEatIOSUITests.swift */; };
		20330493285A2BF4006DB34A /* FreshEatIOSUITestsLaunchTests.swift in Sources */ = {isa = PBXBuildFile; fileRef = 20330492285A2BF4006DB34A /* FreshEatIOSUITestsLaunchTests.swift */; };
		203304A0285A2EAB006DB34A /* LoginViewController.swift in Sources */ = {isa = PBXBuildFile; fileRef = 2033049F285A2EAB006DB34A /* LoginViewController.swift */; };
		53A1E95428AD2A4500EB7EF5 /* PostTableViewCell.swift in Sources */ = {isa = PBXBuildFile; fileRef = 53A1E95328AD2A4500EB7EF5 /* PostTableViewCell.swift */; };
		53A1E95728AD2B9100EB7EF5 /* Kingfisher in Frameworks */ = {isa = PBXBuildFile; productRef = 53A1E95628AD2B9100EB7EF5 /* Kingfisher */; };
		53A1E95A28AD2BDD00EB7EF5 /* Alamofire in Frameworks */ = {isa = PBXBuildFile; productRef = 53A1E95928AD2BDD00EB7EF5 /* Alamofire */; };
		7B5C8759289956920048D7C8 /* RegisterViewController.swift in Sources */ = {isa = PBXBuildFile; fileRef = 7B5C8758289956920048D7C8 /* RegisterViewController.swift */; };
		7B5C875B289956B60048D7C8 /* NewPostViewController.swift in Sources */ = {isa = PBXBuildFile; fileRef = 7B5C875A289956B60048D7C8 /* NewPostViewController.swift */; };
		7B5C875D289957030048D7C8 /* PostTableViewController.swift in Sources */ = {isa = PBXBuildFile; fileRef = 7B5C875C289957030048D7C8 /* PostTableViewController.swift */; };
		7B5C875F289958020048D7C8 /* SeePostViewController.swift in Sources */ = {isa = PBXBuildFile; fileRef = 7B5C875E289958020048D7C8 /* SeePostViewController.swift */; };
		7B5C876728A79BD20048D7C8 /* UserProfileViewController.swift in Sources */ = {isa = PBXBuildFile; fileRef = 7B5C876628A79BD20048D7C8 /* UserProfileViewController.swift */; };
		7B73341F28B0E8C700D6C436 /* splash2.gif in Resources */ = {isa = PBXBuildFile; fileRef = 7B73341E28B0E8C700D6C436 /* splash2.gif */; };
		7B73342128B0EA1800D6C436 /* GifLauncher.swift in Sources */ = {isa = PBXBuildFile; fileRef = 7B73342028B0EA1800D6C436 /* GifLauncher.swift */; };
		7B73342328B0EB5B00D6C436 /* SplashViewController.swift in Sources */ = {isa = PBXBuildFile; fileRef = 7B73342228B0EB5B00D6C436 /* SplashViewController.swift */; };
		7BC5755428AFA00100CD3DC8 /* GoogleService-Info.plist in Resources */ = {isa = PBXBuildFile; fileRef = 7BC5755328AFA00100CD3DC8 /* GoogleService-Info.plist */; };
		C22C522C289E5EA100C8E4A0 /* User.swift in Sources */ = {isa = PBXBuildFile; fileRef = C22C522B289E5EA100C8E4A0 /* User.swift */; };
		C22C522E289E65B100C8E4A0 /* UserDao+CoreDataClass.swift in Sources */ = {isa = PBXBuildFile; fileRef = C22C522D289E65B100C8E4A0 /* UserDao+CoreDataClass.swift */; };
		C22C5230289E66DE00C8E4A0 /* UserDao+CoreDataProperties.swift in Sources */ = {isa = PBXBuildFile; fileRef = C22C522F289E66DD00C8E4A0 /* UserDao+CoreDataProperties.swift */; };
		C261846728B1372000758FB8 /* PasswordChangeViewController.swift in Sources */ = {isa = PBXBuildFile; fileRef = C261846628B1371F00758FB8 /* PasswordChangeViewController.swift */; };
		C29BCBB028A66C020003EBD7 /* Post.swift in Sources */ = {isa = PBXBuildFile; fileRef = C29BCBAF28A66C020003EBD7 /* Post.swift */; };
		C29BCBB228A66FA20003EBD7 /* PostDao+CoreDataClass.swift in Sources */ = {isa = PBXBuildFile; fileRef = C29BCBB128A66FA20003EBD7 /* PostDao+CoreDataClass.swift */; };
		C29BCBB628A671130003EBD7 /* PostDao+CoreDataProperties.swift in Sources */ = {isa = PBXBuildFile; fileRef = C29BCBB528A671130003EBD7 /* PostDao+CoreDataProperties.swift */; };
		C2C269D32865F94C00C621CD /* FirebaseAnalytics in Frameworks */ = {isa = PBXBuildFile; productRef = C2C269D22865F94C00C621CD /* FirebaseAnalytics */; };
		C2C269D52865F94C00C621CD /* FirebaseAuth in Frameworks */ = {isa = PBXBuildFile; productRef = C2C269D42865F94C00C621CD /* FirebaseAuth */; };
		C2C269D72865F94C00C621CD /* FirebaseFirestore in Frameworks */ = {isa = PBXBuildFile; productRef = C2C269D62865F94C00C621CD /* FirebaseFirestore */; };
		C2C269D92865F94C00C621CD /* FirebaseStorage in Frameworks */ = {isa = PBXBuildFile; productRef = C2C269D82865F94C00C621CD /* FirebaseStorage */; };
		C2C269DC2865FA9D00C621CD /* ModelFirebase.swift in Sources */ = {isa = PBXBuildFile; fileRef = C2C269DB2865FA9D00C621CD /* ModelFirebase.swift */; };
		C2C269DE2865FACF00C621CD /* Model.swift in Sources */ = {isa = PBXBuildFile; fileRef = C2C269DD2865FACF00C621CD /* Model.swift */; };
		C2C269E12865FDCE00C621CD /* DataModel.xcdatamodeld in Sources */ = {isa = PBXBuildFile; fileRef = C2C269DF2865FDCE00C621CD /* DataModel.xcdatamodeld */; };
/* End PBXBuildFile section */

/* Begin PBXContainerItemProxy section */
		20330483285A2BF4006DB34A /* PBXContainerItemProxy */ = {
			isa = PBXContainerItemProxy;
			containerPortal = 20330464285A2BF0006DB34A /* Project object */;
			proxyType = 1;
			remoteGlobalIDString = 2033046B285A2BF0006DB34A;
			remoteInfo = FreshEatIOS;
		};
		2033048D285A2BF4006DB34A /* PBXContainerItemProxy */ = {
			isa = PBXContainerItemProxy;
			containerPortal = 20330464285A2BF0006DB34A /* Project object */;
			proxyType = 1;
			remoteGlobalIDString = 2033046B285A2BF0006DB34A;
			remoteInfo = FreshEatIOS;
		};
/* End PBXContainerItemProxy section */

/* Begin PBXFileReference section */
		2033046C285A2BF0006DB34A /* FreshEatIOS.app */ = {isa = PBXFileReference; explicitFileType = wrapper.application; includeInIndex = 0; path = FreshEatIOS.app; sourceTree = BUILT_PRODUCTS_DIR; };
		2033046F285A2BF0006DB34A /* AppDelegate.swift */ = {isa = PBXFileReference; lastKnownFileType = sourcecode.swift; path = AppDelegate.swift; sourceTree = "<group>"; };
		20330471285A2BF0006DB34A /* SceneDelegate.swift */ = {isa = PBXFileReference; lastKnownFileType = sourcecode.swift; path = SceneDelegate.swift; sourceTree = "<group>"; };
		20330473285A2BF0006DB34A /* WelcomeViewController.swift */ = {isa = PBXFileReference; lastKnownFileType = sourcecode.swift; path = WelcomeViewController.swift; sourceTree = "<group>"; };
		20330476285A2BF0006DB34A /* Base */ = {isa = PBXFileReference; lastKnownFileType = file.storyboard; name = Base; path = Base.lproj/Main.storyboard; sourceTree = "<group>"; };
		20330478285A2BF4006DB34A /* Assets.xcassets */ = {isa = PBXFileReference; lastKnownFileType = folder.assetcatalog; path = Assets.xcassets; sourceTree = "<group>"; };
		2033047B285A2BF4006DB34A /* Base */ = {isa = PBXFileReference; lastKnownFileType = file.storyboard; name = Base; path = Base.lproj/LaunchScreen.storyboard; sourceTree = "<group>"; };
		2033047D285A2BF4006DB34A /* Info.plist */ = {isa = PBXFileReference; lastKnownFileType = text.plist.xml; path = Info.plist; sourceTree = "<group>"; };
		20330482285A2BF4006DB34A /* FreshEatIOSTests.xctest */ = {isa = PBXFileReference; explicitFileType = wrapper.cfbundle; includeInIndex = 0; path = FreshEatIOSTests.xctest; sourceTree = BUILT_PRODUCTS_DIR; };
		20330486285A2BF4006DB34A /* FreshEatIOSTests.swift */ = {isa = PBXFileReference; lastKnownFileType = sourcecode.swift; path = FreshEatIOSTests.swift; sourceTree = "<group>"; };
		2033048C285A2BF4006DB34A /* FreshEatIOSUITests.xctest */ = {isa = PBXFileReference; explicitFileType = wrapper.cfbundle; includeInIndex = 0; path = FreshEatIOSUITests.xctest; sourceTree = BUILT_PRODUCTS_DIR; };
		20330490285A2BF4006DB34A /* FreshEatIOSUITests.swift */ = {isa = PBXFileReference; lastKnownFileType = sourcecode.swift; path = FreshEatIOSUITests.swift; sourceTree = "<group>"; };
		20330492285A2BF4006DB34A /* FreshEatIOSUITestsLaunchTests.swift */ = {isa = PBXFileReference; lastKnownFileType = sourcecode.swift; path = FreshEatIOSUITestsLaunchTests.swift; sourceTree = "<group>"; };
		2033049F285A2EAB006DB34A /* LoginViewController.swift */ = {isa = PBXFileReference; lastKnownFileType = sourcecode.swift; path = LoginViewController.swift; sourceTree = "<group>"; };
		53A1E95328AD2A4500EB7EF5 /* PostTableViewCell.swift */ = {isa = PBXFileReference; lastKnownFileType = sourcecode.swift; path = PostTableViewCell.swift; sourceTree = "<group>"; };
		7B5C8758289956920048D7C8 /* RegisterViewController.swift */ = {isa = PBXFileReference; lastKnownFileType = sourcecode.swift; path = RegisterViewController.swift; sourceTree = "<group>"; };
		7B5C875A289956B60048D7C8 /* NewPostViewController.swift */ = {isa = PBXFileReference; lastKnownFileType = sourcecode.swift; path = NewPostViewController.swift; sourceTree = "<group>"; };
		7B5C875C289957030048D7C8 /* PostTableViewController.swift */ = {isa = PBXFileReference; lastKnownFileType = sourcecode.swift; path = PostTableViewController.swift; sourceTree = "<group>"; };
		7B5C875E289958020048D7C8 /* SeePostViewController.swift */ = {isa = PBXFileReference; lastKnownFileType = sourcecode.swift; path = SeePostViewController.swift; sourceTree = "<group>"; };
		7B5C876628A79BD20048D7C8 /* UserProfileViewController.swift */ = {isa = PBXFileReference; lastKnownFileType = sourcecode.swift; path = UserProfileViewController.swift; sourceTree = "<group>"; };
		7B73341E28B0E8C700D6C436 /* splash2.gif */ = {isa = PBXFileReference; lastKnownFileType = image.gif; path = splash2.gif; sourceTree = "<group>"; };
		7B73342028B0EA1800D6C436 /* GifLauncher.swift */ = {isa = PBXFileReference; lastKnownFileType = sourcecode.swift; path = GifLauncher.swift; sourceTree = "<group>"; };
		7B73342228B0EB5B00D6C436 /* SplashViewController.swift */ = {isa = PBXFileReference; lastKnownFileType = sourcecode.swift; path = SplashViewController.swift; sourceTree = "<group>"; };
		7BC5755328AFA00100CD3DC8 /* GoogleService-Info.plist */ = {isa = PBXFileReference; fileEncoding = 4; lastKnownFileType = text.plist.xml; path = "GoogleService-Info.plist"; sourceTree = "<group>"; };
		C22C522B289E5EA100C8E4A0 /* User.swift */ = {isa = PBXFileReference; lastKnownFileType = sourcecode.swift; path = User.swift; sourceTree = "<group>"; };
		C22C522D289E65B100C8E4A0 /* UserDao+CoreDataClass.swift */ = {isa = PBXFileReference; lastKnownFileType = sourcecode.swift; path = "UserDao+CoreDataClass.swift"; sourceTree = "<group>"; };
		C22C522F289E66DD00C8E4A0 /* UserDao+CoreDataProperties.swift */ = {isa = PBXFileReference; lastKnownFileType = sourcecode.swift; path = "UserDao+CoreDataProperties.swift"; sourceTree = "<group>"; };
		C261846628B1371F00758FB8 /* PasswordChangeViewController.swift */ = {isa = PBXFileReference; lastKnownFileType = sourcecode.swift; path = PasswordChangeViewController.swift; sourceTree = "<group>"; };
		C29BCBAF28A66C020003EBD7 /* Post.swift */ = {isa = PBXFileReference; lastKnownFileType = sourcecode.swift; path = Post.swift; sourceTree = "<group>"; };
		C29BCBB128A66FA20003EBD7 /* PostDao+CoreDataClass.swift */ = {isa = PBXFileReference; lastKnownFileType = sourcecode.swift; path = "PostDao+CoreDataClass.swift"; sourceTree = "<group>"; };
		C29BCBB528A671130003EBD7 /* PostDao+CoreDataProperties.swift */ = {isa = PBXFileReference; lastKnownFileType = sourcecode.swift; path = "PostDao+CoreDataProperties.swift"; sourceTree = "<group>"; };
		C2C269DB2865FA9D00C621CD /* ModelFirebase.swift */ = {isa = PBXFileReference; lastKnownFileType = sourcecode.swift; path = ModelFirebase.swift; sourceTree = "<group>"; };
		C2C269DD2865FACF00C621CD /* Model.swift */ = {isa = PBXFileReference; lastKnownFileType = sourcecode.swift; path = Model.swift; sourceTree = "<group>"; };
		C2C269E02865FDCE00C621CD /* DataModel.xcdatamodel */ = {isa = PBXFileReference; lastKnownFileType = wrapper.xcdatamodel; path = DataModel.xcdatamodel; sourceTree = "<group>"; };
/* End PBXFileReference section */

/* Begin PBXFrameworksBuildPhase section */
		20330469285A2BF0006DB34A /* Frameworks */ = {
			isa = PBXFrameworksBuildPhase;
			buildActionMask = 2147483647;
			files = (
				C2C269D32865F94C00C621CD /* FirebaseAnalytics in Frameworks */,
				C2C269D92865F94C00C621CD /* FirebaseStorage in Frameworks */,
				C2C269D52865F94C00C621CD /* FirebaseAuth in Frameworks */,
				53A1E95A28AD2BDD00EB7EF5 /* Alamofire in Frameworks */,
				C2C269D72865F94C00C621CD /* FirebaseFirestore in Frameworks */,
				53A1E95728AD2B9100EB7EF5 /* Kingfisher in Frameworks */,
			);
			runOnlyForDeploymentPostprocessing = 0;
		};
		2033047F285A2BF4006DB34A /* Frameworks */ = {
			isa = PBXFrameworksBuildPhase;
			buildActionMask = 2147483647;
			files = (
			);
			runOnlyForDeploymentPostprocessing = 0;
		};
		20330489285A2BF4006DB34A /* Frameworks */ = {
			isa = PBXFrameworksBuildPhase;
			buildActionMask = 2147483647;
			files = (
			);
			runOnlyForDeploymentPostprocessing = 0;
		};
/* End PBXFrameworksBuildPhase section */

/* Begin PBXGroup section */
		20330463285A2BF0006DB34A = {
			isa = PBXGroup;
			children = (
				2033046E285A2BF0006DB34A /* FreshEatIOS */,
				20330485285A2BF4006DB34A /* FreshEatIOSTests */,
				2033048F285A2BF4006DB34A /* FreshEatIOSUITests */,
				2033046D285A2BF0006DB34A /* Products */,
			);
			sourceTree = "<group>";
		};
		2033046D285A2BF0006DB34A /* Products */ = {
			isa = PBXGroup;
			children = (
				2033046C285A2BF0006DB34A /* FreshEatIOS.app */,
				20330482285A2BF4006DB34A /* FreshEatIOSTests.xctest */,
				2033048C285A2BF4006DB34A /* FreshEatIOSUITests.xctest */,
			);
			name = Products;
			sourceTree = "<group>";
		};
		2033046E285A2BF0006DB34A /* FreshEatIOS */ = {
			isa = PBXGroup;
			children = (
				7B73341E28B0E8C700D6C436 /* splash2.gif */,
				7BC5755328AFA00100CD3DC8 /* GoogleService-Info.plist */,
				C2C269DA2865FA8500C621CD /* Model */,
				2033046F285A2BF0006DB34A /* AppDelegate.swift */,
				20330471285A2BF0006DB34A /* SceneDelegate.swift */,
				20330473285A2BF0006DB34A /* WelcomeViewController.swift */,
				20330475285A2BF0006DB34A /* Main.storyboard */,
				20330478285A2BF4006DB34A /* Assets.xcassets */,
				2033047A285A2BF4006DB34A /* LaunchScreen.storyboard */,
				2033047D285A2BF4006DB34A /* Info.plist */,
				2033049F285A2EAB006DB34A /* LoginViewController.swift */,
				7B5C8758289956920048D7C8 /* RegisterViewController.swift */,
				7B5C875C289957030048D7C8 /* PostTableViewController.swift */,
				7B5C875A289956B60048D7C8 /* NewPostViewController.swift */,
				C2C269DF2865FDCE00C621CD /* DataModel.xcdatamodeld */,
				7B5C875E289958020048D7C8 /* SeePostViewController.swift */,
				7B5C876628A79BD20048D7C8 /* UserProfileViewController.swift */,
				53A1E95328AD2A4500EB7EF5 /* PostTableViewCell.swift */,
				7B73342028B0EA1800D6C436 /* GifLauncher.swift */,
				7B73342228B0EB5B00D6C436 /* SplashViewController.swift */,
				C261846628B1371F00758FB8 /* PasswordChangeViewController.swift */,
			);
			path = FreshEatIOS;
			sourceTree = "<group>";
		};
		20330485285A2BF4006DB34A /* FreshEatIOSTests */ = {
			isa = PBXGroup;
			children = (
				20330486285A2BF4006DB34A /* FreshEatIOSTests.swift */,
			);
			path = FreshEatIOSTests;
			sourceTree = "<group>";
		};
		2033048F285A2BF4006DB34A /* FreshEatIOSUITests */ = {
			isa = PBXGroup;
			children = (
				20330490285A2BF4006DB34A /* FreshEatIOSUITests.swift */,
				20330492285A2BF4006DB34A /* FreshEatIOSUITestsLaunchTests.swift */,
			);
			path = FreshEatIOSUITests;
			sourceTree = "<group>";
		};
		C2C269DA2865FA8500C621CD /* Model */ = {
			isa = PBXGroup;
			children = (
				C2C269DB2865FA9D00C621CD /* ModelFirebase.swift */,
				C2C269DD2865FACF00C621CD /* Model.swift */,
				C22C522B289E5EA100C8E4A0 /* User.swift */,
				C22C522D289E65B100C8E4A0 /* UserDao+CoreDataClass.swift */,
				C22C522F289E66DD00C8E4A0 /* UserDao+CoreDataProperties.swift */,
				C29BCBAF28A66C020003EBD7 /* Post.swift */,
				C29BCBB128A66FA20003EBD7 /* PostDao+CoreDataClass.swift */,
				C29BCBB528A671130003EBD7 /* PostDao+CoreDataProperties.swift */,
			);
			path = Model;
			sourceTree = "<group>";
		};
/* End PBXGroup section */

/* Begin PBXNativeTarget section */
		2033046B285A2BF0006DB34A /* FreshEatIOS */ = {
			isa = PBXNativeTarget;
			buildConfigurationList = 20330496285A2BF4006DB34A /* Build configuration list for PBXNativeTarget "FreshEatIOS" */;
			buildPhases = (
				20330468285A2BF0006DB34A /* Sources */,
				20330469285A2BF0006DB34A /* Frameworks */,
				2033046A285A2BF0006DB34A /* Resources */,
			);
			buildRules = (
			);
			dependencies = (
			);
			name = FreshEatIOS;
			packageProductDependencies = (
				C2C269D22865F94C00C621CD /* FirebaseAnalytics */,
				C2C269D42865F94C00C621CD /* FirebaseAuth */,
				C2C269D62865F94C00C621CD /* FirebaseFirestore */,
				C2C269D82865F94C00C621CD /* FirebaseStorage */,
				53A1E95628AD2B9100EB7EF5 /* Kingfisher */,
				53A1E95928AD2BDD00EB7EF5 /* Alamofire */,
			);
			productName = FreshEatIOS;
			productReference = 2033046C285A2BF0006DB34A /* FreshEatIOS.app */;
			productType = "com.apple.product-type.application";
		};
		20330481285A2BF4006DB34A /* FreshEatIOSTests */ = {
			isa = PBXNativeTarget;
			buildConfigurationList = 20330499285A2BF4006DB34A /* Build configuration list for PBXNativeTarget "FreshEatIOSTests" */;
			buildPhases = (
				2033047E285A2BF4006DB34A /* Sources */,
				2033047F285A2BF4006DB34A /* Frameworks */,
				20330480285A2BF4006DB34A /* Resources */,
			);
			buildRules = (
			);
			dependencies = (
				20330484285A2BF4006DB34A /* PBXTargetDependency */,
			);
			name = FreshEatIOSTests;
			productName = FreshEatIOSTests;
			productReference = 20330482285A2BF4006DB34A /* FreshEatIOSTests.xctest */;
			productType = "com.apple.product-type.bundle.unit-test";
		};
		2033048B285A2BF4006DB34A /* FreshEatIOSUITests */ = {
			isa = PBXNativeTarget;
			buildConfigurationList = 2033049C285A2BF4006DB34A /* Build configuration list for PBXNativeTarget "FreshEatIOSUITests" */;
			buildPhases = (
				20330488285A2BF4006DB34A /* Sources */,
				20330489285A2BF4006DB34A /* Frameworks */,
				2033048A285A2BF4006DB34A /* Resources */,
			);
			buildRules = (
			);
			dependencies = (
				2033048E285A2BF4006DB34A /* PBXTargetDependency */,
			);
			name = FreshEatIOSUITests;
			productName = FreshEatIOSUITests;
			productReference = 2033048C285A2BF4006DB34A /* FreshEatIOSUITests.xctest */;
			productType = "com.apple.product-type.bundle.ui-testing";
		};
/* End PBXNativeTarget section */

/* Begin PBXProject section */
		20330464285A2BF0006DB34A /* Project object */ = {
			isa = PBXProject;
			attributes = {
				BuildIndependentTargetsInParallel = 1;
				LastSwiftUpdateCheck = 1320;
				LastUpgradeCheck = 1320;
				TargetAttributes = {
					2033046B285A2BF0006DB34A = {
						CreatedOnToolsVersion = 13.2.1;
					};
					20330481285A2BF4006DB34A = {
						CreatedOnToolsVersion = 13.2.1;
						TestTargetID = 2033046B285A2BF0006DB34A;
					};
					2033048B285A2BF4006DB34A = {
						CreatedOnToolsVersion = 13.2.1;
						TestTargetID = 2033046B285A2BF0006DB34A;
					};
				};
			};
			buildConfigurationList = 20330467285A2BF0006DB34A /* Build configuration list for PBXProject "FreshEatIOS" */;
			compatibilityVersion = "Xcode 13.0";
			developmentRegion = en;
			hasScannedForEncodings = 0;
			knownRegions = (
				en,
				Base,
			);
			mainGroup = 20330463285A2BF0006DB34A;
			packageReferences = (
				C2C269D12865F94C00C621CD /* XCRemoteSwiftPackageReference "firebase-ios-sdk" */,
				53A1E95528AD2B9000EB7EF5 /* XCRemoteSwiftPackageReference "Kingfisher" */,
				53A1E95828AD2BDD00EB7EF5 /* XCRemoteSwiftPackageReference "Alamofire" */,
			);
			productRefGroup = 2033046D285A2BF0006DB34A /* Products */;
			projectDirPath = "";
			projectRoot = "";
			targets = (
				2033046B285A2BF0006DB34A /* FreshEatIOS */,
				20330481285A2BF4006DB34A /* FreshEatIOSTests */,
				2033048B285A2BF4006DB34A /* FreshEatIOSUITests */,
			);
		};
/* End PBXProject section */

/* Begin PBXResourcesBuildPhase section */
		2033046A285A2BF0006DB34A /* Resources */ = {
			isa = PBXResourcesBuildPhase;
			buildActionMask = 2147483647;
			files = (
				2033047C285A2BF4006DB34A /* LaunchScreen.storyboard in Resources */,
				7BC5755428AFA00100CD3DC8 /* GoogleService-Info.plist in Resources */,
				20330479285A2BF4006DB34A /* Assets.xcassets in Resources */,
				7B73341F28B0E8C700D6C436 /* splash2.gif in Resources */,
				20330477285A2BF0006DB34A /* Main.storyboard in Resources */,
			);
			runOnlyForDeploymentPostprocessing = 0;
		};
		20330480285A2BF4006DB34A /* Resources */ = {
			isa = PBXResourcesBuildPhase;
			buildActionMask = 2147483647;
			files = (
			);
			runOnlyForDeploymentPostprocessing = 0;
		};
		2033048A285A2BF4006DB34A /* Resources */ = {
			isa = PBXResourcesBuildPhase;
			buildActionMask = 2147483647;
			files = (
			);
			runOnlyForDeploymentPostprocessing = 0;
		};
/* End PBXResourcesBuildPhase section */

/* Begin PBXSourcesBuildPhase section */
		20330468285A2BF0006DB34A /* Sources */ = {
			isa = PBXSourcesBuildPhase;
			buildActionMask = 2147483647;
			files = (
				C22C5230289E66DE00C8E4A0 /* UserDao+CoreDataProperties.swift in Sources */,
				20330474285A2BF0006DB34A /* WelcomeViewController.swift in Sources */,
				7B5C875F289958020048D7C8 /* SeePostViewController.swift in Sources */,
				20330470285A2BF0006DB34A /* AppDelegate.swift in Sources */,
				C29BCBB228A66FA20003EBD7 /* PostDao+CoreDataClass.swift in Sources */,
				C22C522E289E65B100C8E4A0 /* UserDao+CoreDataClass.swift in Sources */,
				53A1E95428AD2A4500EB7EF5 /* PostTableViewCell.swift in Sources */,
				203304A0285A2EAB006DB34A /* LoginViewController.swift in Sources */,
				7B5C876728A79BD20048D7C8 /* UserProfileViewController.swift in Sources */,
				7B73342128B0EA1800D6C436 /* GifLauncher.swift in Sources */,
				7B5C8759289956920048D7C8 /* RegisterViewController.swift in Sources */,
				C2C269E12865FDCE00C621CD /* DataModel.xcdatamodeld in Sources */,
				7B5C875D289957030048D7C8 /* PostTableViewController.swift in Sources */,
				C29BCBB628A671130003EBD7 /* PostDao+CoreDataProperties.swift in Sources */,
				C29BCBB028A66C020003EBD7 /* Post.swift in Sources */,
				7B5C875B289956B60048D7C8 /* NewPostViewController.swift in Sources */,
				C22C522C289E5EA100C8E4A0 /* User.swift in Sources */,
				C2C269DE2865FACF00C621CD /* Model.swift in Sources */,
				C2C269DC2865FA9D00C621CD /* ModelFirebase.swift in Sources */,
				C261846728B1372000758FB8 /* PasswordChangeViewController.swift in Sources */,
				20330472285A2BF0006DB34A /* SceneDelegate.swift in Sources */,
				7B73342328B0EB5B00D6C436 /* SplashViewController.swift in Sources */,
			);
			runOnlyForDeploymentPostprocessing = 0;
		};
		2033047E285A2BF4006DB34A /* Sources */ = {
			isa = PBXSourcesBuildPhase;
			buildActionMask = 2147483647;
			files = (
				20330487285A2BF4006DB34A /* FreshEatIOSTests.swift in Sources */,
			);
			runOnlyForDeploymentPostprocessing = 0;
		};
		20330488285A2BF4006DB34A /* Sources */ = {
			isa = PBXSourcesBuildPhase;
			buildActionMask = 2147483647;
			files = (
				20330493285A2BF4006DB34A /* FreshEatIOSUITestsLaunchTests.swift in Sources */,
				20330491285A2BF4006DB34A /* FreshEatIOSUITests.swift in Sources */,
			);
			runOnlyForDeploymentPostprocessing = 0;
		};
/* End PBXSourcesBuildPhase section */

/* Begin PBXTargetDependency section */
		20330484285A2BF4006DB34A /* PBXTargetDependency */ = {
			isa = PBXTargetDependency;
			target = 2033046B285A2BF0006DB34A /* FreshEatIOS */;
			targetProxy = 20330483285A2BF4006DB34A /* PBXContainerItemProxy */;
		};
		2033048E285A2BF4006DB34A /* PBXTargetDependency */ = {
			isa = PBXTargetDependency;
			target = 2033046B285A2BF0006DB34A /* FreshEatIOS */;
			targetProxy = 2033048D285A2BF4006DB34A /* PBXContainerItemProxy */;
		};
/* End PBXTargetDependency section */

/* Begin PBXVariantGroup section */
		20330475285A2BF0006DB34A /* Main.storyboard */ = {
			isa = PBXVariantGroup;
			children = (
				20330476285A2BF0006DB34A /* Base */,
			);
			name = Main.storyboard;
			sourceTree = "<group>";
		};
		2033047A285A2BF4006DB34A /* LaunchScreen.storyboard */ = {
			isa = PBXVariantGroup;
			children = (
				2033047B285A2BF4006DB34A /* Base */,
			);
			name = LaunchScreen.storyboard;
			sourceTree = "<group>";
		};
/* End PBXVariantGroup section */

/* Begin XCBuildConfiguration section */
		20330494285A2BF4006DB34A /* Debug */ = {
			isa = XCBuildConfiguration;
			buildSettings = {
				ALWAYS_SEARCH_USER_PATHS = NO;
				CLANG_ANALYZER_NONNULL = YES;
				CLANG_ANALYZER_NUMBER_OBJECT_CONVERSION = YES_AGGRESSIVE;
				CLANG_CXX_LANGUAGE_STANDARD = "gnu++17";
				CLANG_CXX_LIBRARY = "libc++";
				CLANG_ENABLE_MODULES = YES;
				CLANG_ENABLE_OBJC_ARC = YES;
				CLANG_ENABLE_OBJC_WEAK = YES;
				CLANG_WARN_BLOCK_CAPTURE_AUTORELEASING = YES;
				CLANG_WARN_BOOL_CONVERSION = YES;
				CLANG_WARN_COMMA = YES;
				CLANG_WARN_CONSTANT_CONVERSION = YES;
				CLANG_WARN_DEPRECATED_OBJC_IMPLEMENTATIONS = YES;
				CLANG_WARN_DIRECT_OBJC_ISA_USAGE = YES_ERROR;
				CLANG_WARN_DOCUMENTATION_COMMENTS = YES;
				CLANG_WARN_EMPTY_BODY = YES;
				CLANG_WARN_ENUM_CONVERSION = YES;
				CLANG_WARN_INFINITE_RECURSION = YES;
				CLANG_WARN_INT_CONVERSION = YES;
				CLANG_WARN_NON_LITERAL_NULL_CONVERSION = YES;
				CLANG_WARN_OBJC_IMPLICIT_RETAIN_SELF = YES;
				CLANG_WARN_OBJC_LITERAL_CONVERSION = YES;
				CLANG_WARN_OBJC_ROOT_CLASS = YES_ERROR;
				CLANG_WARN_QUOTED_INCLUDE_IN_FRAMEWORK_HEADER = YES;
				CLANG_WARN_RANGE_LOOP_ANALYSIS = YES;
				CLANG_WARN_STRICT_PROTOTYPES = YES;
				CLANG_WARN_SUSPICIOUS_MOVE = YES;
				CLANG_WARN_UNGUARDED_AVAILABILITY = YES_AGGRESSIVE;
				CLANG_WARN_UNREACHABLE_CODE = YES;
				CLANG_WARN__DUPLICATE_METHOD_MATCH = YES;
				COPY_PHASE_STRIP = NO;
				DEBUG_INFORMATION_FORMAT = dwarf;
				ENABLE_BITCODE = NO;
				ENABLE_STRICT_OBJC_MSGSEND = YES;
				ENABLE_TESTABILITY = YES;
				GCC_C_LANGUAGE_STANDARD = gnu11;
				GCC_DYNAMIC_NO_PIC = NO;
				GCC_NO_COMMON_BLOCKS = YES;
				GCC_OPTIMIZATION_LEVEL = 0;
				GCC_PREPROCESSOR_DEFINITIONS = (
					"DEBUG=1",
					"$(inherited)",
				);
				GCC_WARN_64_TO_32_BIT_CONVERSION = YES;
				GCC_WARN_ABOUT_RETURN_TYPE = YES_ERROR;
				GCC_WARN_UNDECLARED_SELECTOR = YES;
				GCC_WARN_UNINITIALIZED_AUTOS = YES_AGGRESSIVE;
				GCC_WARN_UNUSED_FUNCTION = YES;
				GCC_WARN_UNUSED_VARIABLE = YES;
				IPHONEOS_DEPLOYMENT_TARGET = 15.2;
				MTL_ENABLE_DEBUG_INFO = INCLUDE_SOURCE;
				MTL_FAST_MATH = YES;
				ONLY_ACTIVE_ARCH = YES;
				SDKROOT = iphoneos;
				SWIFT_ACTIVE_COMPILATION_CONDITIONS = DEBUG;
				SWIFT_OPTIMIZATION_LEVEL = "-Onone";
			};
			name = Debug;
		};
		20330495285A2BF4006DB34A /* Release */ = {
			isa = XCBuildConfiguration;
			buildSettings = {
				ALWAYS_SEARCH_USER_PATHS = NO;
				CLANG_ANALYZER_NONNULL = YES;
				CLANG_ANALYZER_NUMBER_OBJECT_CONVERSION = YES_AGGRESSIVE;
				CLANG_CXX_LANGUAGE_STANDARD = "gnu++17";
				CLANG_CXX_LIBRARY = "libc++";
				CLANG_ENABLE_MODULES = YES;
				CLANG_ENABLE_OBJC_ARC = YES;
				CLANG_ENABLE_OBJC_WEAK = YES;
				CLANG_WARN_BLOCK_CAPTURE_AUTORELEASING = YES;
				CLANG_WARN_BOOL_CONVERSION = YES;
				CLANG_WARN_COMMA = YES;
				CLANG_WARN_CONSTANT_CONVERSION = YES;
				CLANG_WARN_DEPRECATED_OBJC_IMPLEMENTATIONS = YES;
				CLANG_WARN_DIRECT_OBJC_ISA_USAGE = YES_ERROR;
				CLANG_WARN_DOCUMENTATION_COMMENTS = YES;
				CLANG_WARN_EMPTY_BODY = YES;
				CLANG_WARN_ENUM_CONVERSION = YES;
				CLANG_WARN_INFINITE_RECURSION = YES;
				CLANG_WARN_INT_CONVERSION = YES;
				CLANG_WARN_NON_LITERAL_NULL_CONVERSION = YES;
				CLANG_WARN_OBJC_IMPLICIT_RETAIN_SELF = YES;
				CLANG_WARN_OBJC_LITERAL_CONVERSION = YES;
				CLANG_WARN_OBJC_ROOT_CLASS = YES_ERROR;
				CLANG_WARN_QUOTED_INCLUDE_IN_FRAMEWORK_HEADER = YES;
				CLANG_WARN_RANGE_LOOP_ANALYSIS = YES;
				CLANG_WARN_STRICT_PROTOTYPES = YES;
				CLANG_WARN_SUSPICIOUS_MOVE = YES;
				CLANG_WARN_UNGUARDED_AVAILABILITY = YES_AGGRESSIVE;
				CLANG_WARN_UNREACHABLE_CODE = YES;
				CLANG_WARN__DUPLICATE_METHOD_MATCH = YES;
				COPY_PHASE_STRIP = NO;
				DEBUG_INFORMATION_FORMAT = "dwarf-with-dsym";
				ENABLE_BITCODE = NO;
				ENABLE_NS_ASSERTIONS = NO;
				ENABLE_STRICT_OBJC_MSGSEND = YES;
				GCC_C_LANGUAGE_STANDARD = gnu11;
				GCC_NO_COMMON_BLOCKS = YES;
				GCC_WARN_64_TO_32_BIT_CONVERSION = YES;
				GCC_WARN_ABOUT_RETURN_TYPE = YES_ERROR;
				GCC_WARN_UNDECLARED_SELECTOR = YES;
				GCC_WARN_UNINITIALIZED_AUTOS = YES_AGGRESSIVE;
				GCC_WARN_UNUSED_FUNCTION = YES;
				GCC_WARN_UNUSED_VARIABLE = YES;
				IPHONEOS_DEPLOYMENT_TARGET = 15.2;
				MTL_ENABLE_DEBUG_INFO = NO;
				MTL_FAST_MATH = YES;
				SDKROOT = iphoneos;
				SWIFT_COMPILATION_MODE = wholemodule;
				SWIFT_OPTIMIZATION_LEVEL = "-O";
				VALIDATE_PRODUCT = YES;
			};
			name = Release;
		};
		20330497285A2BF4006DB34A /* Debug */ = {
			isa = XCBuildConfiguration;
			buildSettings = {
				ASSETCATALOG_COMPILER_APPICON_NAME = AppIcon;
				ASSETCATALOG_COMPILER_GLOBAL_ACCENT_COLOR_NAME = AccentColor;
				CODE_SIGN_IDENTITY = "Apple Development";
				CODE_SIGN_STYLE = Automatic;
				CURRENT_PROJECT_VERSION = 1;
				DEVELOPMENT_TEAM = KP4Y8R8628;
				GENERATE_INFOPLIST_FILE = YES;
				INFOPLIST_FILE = FreshEatIOS/Info.plist;
				INFOPLIST_KEY_UIApplicationSupportsIndirectInputEvents = YES;
				INFOPLIST_KEY_UILaunchStoryboardName = LaunchScreen;
				INFOPLIST_KEY_UIMainStoryboardFile = Main;
				INFOPLIST_KEY_UISupportedInterfaceOrientations_iPad = "UIInterfaceOrientationPortrait UIInterfaceOrientationPortraitUpsideDown UIInterfaceOrientationLandscapeLeft UIInterfaceOrientationLandscapeRight";
				INFOPLIST_KEY_UISupportedInterfaceOrientations_iPhone = "UIInterfaceOrientationPortrait UIInterfaceOrientationLandscapeLeft UIInterfaceOrientationLandscapeRight";
				LD_RUNPATH_SEARCH_PATHS = (
					"$(inherited)",
					"@executable_path/Frameworks",
				);
				MARKETING_VERSION = 1.0;
				PRODUCT_BUNDLE_IDENTIFIER = com.EMLiO.FreshEatIOS;
				PRODUCT_NAME = "$(TARGET_NAME)";
				PROVISIONING_PROFILE_SPECIFIER = "";
				SWIFT_EMIT_LOC_STRINGS = YES;
				SWIFT_VERSION = 5.0;
				TARGETED_DEVICE_FAMILY = "1,2";
			};
			name = Debug;
		};
		20330498285A2BF4006DB34A /* Release */ = {
			isa = XCBuildConfiguration;
			buildSettings = {
				ASSETCATALOG_COMPILER_APPICON_NAME = AppIcon;
				ASSETCATALOG_COMPILER_GLOBAL_ACCENT_COLOR_NAME = AccentColor;
				CODE_SIGN_IDENTITY = "Apple Development";
				CODE_SIGN_STYLE = Automatic;
				CURRENT_PROJECT_VERSION = 1;
				DEVELOPMENT_TEAM = KP4Y8R8628;
				GENERATE_INFOPLIST_FILE = YES;
				INFOPLIST_FILE = FreshEatIOS/Info.plist;
				INFOPLIST_KEY_UIApplicationSupportsIndirectInputEvents = YES;
				INFOPLIST_KEY_UILaunchStoryboardName = LaunchScreen;
				INFOPLIST_KEY_UIMainStoryboardFile = Main;
				INFOPLIST_KEY_UISupportedInterfaceOrientations_iPad = "UIInterfaceOrientationPortrait UIInterfaceOrientationPortraitUpsideDown UIInterfaceOrientationLandscapeLeft UIInterfaceOrientationLandscapeRight";
				INFOPLIST_KEY_UISupportedInterfaceOrientations_iPhone = "UIInterfaceOrientationPortrait UIInterfaceOrientationLandscapeLeft UIInterfaceOrientationLandscapeRight";
				LD_RUNPATH_SEARCH_PATHS = (
					"$(inherited)",
					"@executable_path/Frameworks",
				);
				MARKETING_VERSION = 1.0;
				PRODUCT_BUNDLE_IDENTIFIER = com.EMLiO.FreshEatIOS;
				PRODUCT_NAME = "$(TARGET_NAME)";
				PROVISIONING_PROFILE_SPECIFIER = "";
				SWIFT_EMIT_LOC_STRINGS = YES;
				SWIFT_VERSION = 5.0;
				TARGETED_DEVICE_FAMILY = "1,2";
			};
			name = Release;
		};
		2033049A285A2BF4006DB34A /* Debug */ = {
			isa = XCBuildConfiguration;
			buildSettings = {
				ALWAYS_EMBED_SWIFT_STANDARD_LIBRARIES = YES;
				BUNDLE_LOADER = "$(TEST_HOST)";
				CODE_SIGN_STYLE = Automatic;
				CURRENT_PROJECT_VERSION = 1;
				GENERATE_INFOPLIST_FILE = YES;
				IPHONEOS_DEPLOYMENT_TARGET = 15.2;
				MARKETING_VERSION = 1.0;
				PRODUCT_BUNDLE_IDENTIFIER = com.EMLiO.FreshEatIOSTests;
				PRODUCT_NAME = "$(TARGET_NAME)";
				SWIFT_EMIT_LOC_STRINGS = NO;
				SWIFT_VERSION = 5.0;
				TARGETED_DEVICE_FAMILY = "1,2";
				TEST_HOST = "$(BUILT_PRODUCTS_DIR)/FreshEatIOS.app/FreshEatIOS";
			};
			name = Debug;
		};
		2033049B285A2BF4006DB34A /* Release */ = {
			isa = XCBuildConfiguration;
			buildSettings = {
				ALWAYS_EMBED_SWIFT_STANDARD_LIBRARIES = YES;
				BUNDLE_LOADER = "$(TEST_HOST)";
				CODE_SIGN_STYLE = Automatic;
				CURRENT_PROJECT_VERSION = 1;
				GENERATE_INFOPLIST_FILE = YES;
				IPHONEOS_DEPLOYMENT_TARGET = 15.2;
				MARKETING_VERSION = 1.0;
				PRODUCT_BUNDLE_IDENTIFIER = com.EMLiO.FreshEatIOSTests;
				PRODUCT_NAME = "$(TARGET_NAME)";
				SWIFT_EMIT_LOC_STRINGS = NO;
				SWIFT_VERSION = 5.0;
				TARGETED_DEVICE_FAMILY = "1,2";
				TEST_HOST = "$(BUILT_PRODUCTS_DIR)/FreshEatIOS.app/FreshEatIOS";
			};
			name = Release;
		};
		2033049D285A2BF4006DB34A /* Debug */ = {
			isa = XCBuildConfiguration;
			buildSettings = {
				ALWAYS_EMBED_SWIFT_STANDARD_LIBRARIES = YES;
				CODE_SIGN_STYLE = Automatic;
				CURRENT_PROJECT_VERSION = 1;
				GENERATE_INFOPLIST_FILE = YES;
				MARKETING_VERSION = 1.0;
				PRODUCT_BUNDLE_IDENTIFIER = com.EMLiO.FreshEatIOSUITests;
				PRODUCT_NAME = "$(TARGET_NAME)";
				SWIFT_EMIT_LOC_STRINGS = NO;
				SWIFT_VERSION = 5.0;
				TARGETED_DEVICE_FAMILY = "1,2";
				TEST_TARGET_NAME = FreshEatIOS;
			};
			name = Debug;
		};
		2033049E285A2BF4006DB34A /* Release */ = {
			isa = XCBuildConfiguration;
			buildSettings = {
				ALWAYS_EMBED_SWIFT_STANDARD_LIBRARIES = YES;
				CODE_SIGN_STYLE = Automatic;
				CURRENT_PROJECT_VERSION = 1;
				GENERATE_INFOPLIST_FILE = YES;
				MARKETING_VERSION = 1.0;
				PRODUCT_BUNDLE_IDENTIFIER = com.EMLiO.FreshEatIOSUITests;
				PRODUCT_NAME = "$(TARGET_NAME)";
				SWIFT_EMIT_LOC_STRINGS = NO;
				SWIFT_VERSION = 5.0;
				TARGETED_DEVICE_FAMILY = "1,2";
				TEST_TARGET_NAME = FreshEatIOS;
			};
			name = Release;
		};
/* End XCBuildConfiguration section */

/* Begin XCConfigurationList section */
		20330467285A2BF0006DB34A /* Build configuration list for PBXProject "FreshEatIOS" */ = {
			isa = XCConfigurationList;
			buildConfigurations = (
				20330494285A2BF4006DB34A /* Debug */,
				20330495285A2BF4006DB34A /* Release */,
			);
			defaultConfigurationIsVisible = 0;
			defaultConfigurationName = Release;
		};
		20330496285A2BF4006DB34A /* Build configuration list for PBXNativeTarget "FreshEatIOS" */ = {
			isa = XCConfigurationList;
			buildConfigurations = (
				20330497285A2BF4006DB34A /* Debug */,
				20330498285A2BF4006DB34A /* Release */,
			);
			defaultConfigurationIsVisible = 0;
			defaultConfigurationName = Release;
		};
		20330499285A2BF4006DB34A /* Build configuration list for PBXNativeTarget "FreshEatIOSTests" */ = {
			isa = XCConfigurationList;
			buildConfigurations = (
				2033049A285A2BF4006DB34A /* Debug */,
				2033049B285A2BF4006DB34A /* Release */,
			);
			defaultConfigurationIsVisible = 0;
			defaultConfigurationName = Release;
		};
		2033049C285A2BF4006DB34A /* Build configuration list for PBXNativeTarget "FreshEatIOSUITests" */ = {
			isa = XCConfigurationList;
			buildConfigurations = (
				2033049D285A2BF4006DB34A /* Debug */,
				2033049E285A2BF4006DB34A /* Release */,
			);
			defaultConfigurationIsVisible = 0;
			defaultConfigurationName = Release;
		};
/* End XCConfigurationList section */

/* Begin XCRemoteSwiftPackageReference section */
		53A1E95528AD2B9000EB7EF5 /* XCRemoteSwiftPackageReference "Kingfisher" */ = {
			isa = XCRemoteSwiftPackageReference;
			repositoryURL = "https://github.com/onevcat/Kingfisher.git";
			requirement = {
				kind = upToNextMajorVersion;
				minimumVersion = 7.0.0;
			};
		};
		53A1E95828AD2BDD00EB7EF5 /* XCRemoteSwiftPackageReference "Alamofire" */ = {
			isa = XCRemoteSwiftPackageReference;
			repositoryURL = "https://github.com/Alamofire/Alamofire.git";
			requirement = {
				kind = upToNextMajorVersion;
				minimumVersion = 5.0.0;
			};
		};
		C2C269D12865F94C00C621CD /* XCRemoteSwiftPackageReference "firebase-ios-sdk" */ = {
			isa = XCRemoteSwiftPackageReference;
			repositoryURL = "https://github.com/firebase/firebase-ios-sdk";
			requirement = {
				kind = upToNextMajorVersion;
				minimumVersion = 9.0.0;
			};
		};
/* End XCRemoteSwiftPackageReference section */

/* Begin XCSwiftPackageProductDependency section */
		53A1E95628AD2B9100EB7EF5 /* Kingfisher */ = {
			isa = XCSwiftPackageProductDependency;
			package = 53A1E95528AD2B9000EB7EF5 /* XCRemoteSwiftPackageReference "Kingfisher" */;
			productName = Kingfisher;
		};
		53A1E95928AD2BDD00EB7EF5 /* Alamofire */ = {
			isa = XCSwiftPackageProductDependency;
			package = 53A1E95828AD2BDD00EB7EF5 /* XCRemoteSwiftPackageReference "Alamofire" */;
			productName = Alamofire;
		};
		C2C269D22865F94C00C621CD /* FirebaseAnalytics */ = {
			isa = XCSwiftPackageProductDependency;
			package = C2C269D12865F94C00C621CD /* XCRemoteSwiftPackageReference "firebase-ios-sdk" */;
			productName = FirebaseAnalytics;
		};
		C2C269D42865F94C00C621CD /* FirebaseAuth */ = {
			isa = XCSwiftPackageProductDependency;
			package = C2C269D12865F94C00C621CD /* XCRemoteSwiftPackageReference "firebase-ios-sdk" */;
			productName = FirebaseAuth;
		};
		C2C269D62865F94C00C621CD /* FirebaseFirestore */ = {
			isa = XCSwiftPackageProductDependency;
			package = C2C269D12865F94C00C621CD /* XCRemoteSwiftPackageReference "firebase-ios-sdk" */;
			productName = FirebaseFirestore;
		};
		C2C269D82865F94C00C621CD /* FirebaseStorage */ = {
			isa = XCSwiftPackageProductDependency;
			package = C2C269D12865F94C00C621CD /* XCRemoteSwiftPackageReference "firebase-ios-sdk" */;
			productName = FirebaseStorage;
		};
/* End XCSwiftPackageProductDependency section */

/* Begin XCVersionGroup section */
		C2C269DF2865FDCE00C621CD /* DataModel.xcdatamodeld */ = {
			isa = XCVersionGroup;
			children = (
				C2C269E02865FDCE00C621CD /* DataModel.xcdatamodel */,
			);
			currentVersion = C2C269E02865FDCE00C621CD /* DataModel.xcdatamodel */;
			path = DataModel.xcdatamodeld;
			sourceTree = "<group>";
			versionGroupType = wrapper.xcdatamodel;
		};
/* End XCVersionGroup section */
	};
	rootObject = 20330464285A2BF0006DB34A /* Project object */;
}
